
Microsoft Visual Studio Solution File, Format Version 12.00
# Visual Studio 15
VisualStudioVersion = 15.0.26124.0
MinimumVisualStudioVersion = 15.0.26124.0
Project("{2150E333-8FDC-42A3-9474-1A3956D46DE8}") = "src", "src", "{507BCB41-E488-494D-B826-A1704B41A728}"
EndProject
Project("{FAE04EC0-301F-11D3-BF4B-00C04F79EFBC}") = "GradeBook", "src\GradeBook\GradeBook.csproj", "{9B5FE4B1-E1F4-400C-84C1-3CC777F06C7F}"
EndProject
Project("{2150E333-8FDC-42A3-9474-1A3956D46DE8}") = "test", "test", "{E96E0A24-3073-4E01-9A88-0AA3ED8534D8}"
EndProject
Project("{FAE04EC0-301F-11D3-BF4B-00C04F79EFBC}") = "GradeBook.Tests", "test\GradeBook.Tests\GradeBook.Tests.csproj", "{31E0475E-2E61-442A-8905-22157FB0F077}"
EndProject
Global
	GlobalSection(SolutionConfigurationPlatforms) = preSolution
		Debug|Any CPU = Debug|Any CPU
		Debug|x64 = Debug|x64
		Debug|x86 = Debug|x86
		Release|Any CPU = Release|Any CPU
		Release|x64 = Release|x64
		Release|x86 = Release|x86
	EndGlobalSection
	GlobalSection(SolutionProperties) = preSolution
		HideSolutionNode = FALSE
	EndGlobalSection
	GlobalSection(ProjectConfigurationPlatforms) = postSolution
		{9B5FE4B1-E1F4-400C-84C1-3CC777F06C7F}.Debug|Any CPU.ActiveCfg = Debug|Any CPU
		{9B5FE4B1-E1F4-400C-84C1-3CC777F06C7F}.Debug|Any CPU.Build.0 = Debug|Any CPU
		{9B5FE4B1-E1F4-400C-84C1-3CC777F06C7F}.Debug|x64.ActiveCfg = Debug|Any CPU
		{9B5FE4B1-E1F4-400C-84C1-3CC777F06C7F}.Debug|x64.Build.0 = Debug|Any CPU
		{9B5FE4B1-E1F4-400C-84C1-3CC777F06C7F}.Debug|x86.ActiveCfg = Debug|Any CPU
		{9B5FE4B1-E1F4-400C-84C1-3CC777F06C7F}.Debug|x86.Build.0 = Debug|Any CPU
		{9B5FE4B1-E1F4-400C-84C1-3CC777F06C7F}.Release|Any CPU.ActiveCfg = Release|Any CPU
		{9B5FE4B1-E1F4-400C-84C1-3CC777F06C7F}.Release|Any CPU.Build.0 = Release|Any CPU
		{9B5FE4B1-E1F4-400C-84C1-3CC777F06C7F}.Release|x64.ActiveCfg = Release|Any CPU
		{9B5FE4B1-E1F4-400C-84C1-3CC777F06C7F}.Release|x64.Build.0 = Release|Any CPU
		{9B5FE4B1-E1F4-400C-84C1-3CC777F06C7F}.Release|x86.ActiveCfg = Release|Any CPU
		{9B5FE4B1-E1F4-400C-84C1-3CC777F06C7F}.Release|x86.Build.0 = Release|Any CPU
		{31E0475E-2E61-442A-8905-22157FB0F077}.Debug|Any CPU.ActiveCfg = Debug|Any CPU
		{31E0475E-2E61-442A-8905-22157FB0F077}.Debug|Any CPU.Build.0 = Debug|Any CPU
		{31E0475E-2E61-442A-8905-22157FB0F077}.Debug|x64.ActiveCfg = Debug|Any CPU
		{31E0475E-2E61-442A-8905-22157FB0F077}.Debug|x64.Build.0 = Debug|Any CPU
		{31E0475E-2E61-442A-8905-22157FB0F077}.Debug|x86.ActiveCfg = Debug|Any CPU
		{31E0475E-2E61-442A-8905-22157FB0F077}.Debug|x86.Build.0 = Debug|Any CPU
		{31E0475E-2E61-442A-8905-22157FB0F077}.Release|Any CPU.ActiveCfg = Release|Any CPU
		{31E0475E-2E61-442A-8905-22157FB0F077}.Release|Any CPU.Build.0 = Release|Any CPU
		{31E0475E-2E61-442A-8905-22157FB0F077}.Release|x64.ActiveCfg = Release|Any CPU
		{31E0475E-2E61-442A-8905-22157FB0F077}.Release|x64.Build.0 = Release|Any CPU
		{31E0475E-2E61-442A-8905-22157FB0F077}.Release|x86.ActiveCfg = Release|Any CPU
		{31E0475E-2E61-442A-8905-22157FB0F077}.Release|x86.Build.0 = Release|Any CPU
	EndGlobalSection
	GlobalSection(NestedProjects) = preSolution
		{9B5FE4B1-E1F4-400C-84C1-3CC777F06C7F} = {507BCB41-E488-494D-B826-A1704B41A728}
		{31E0475E-2E61-442A-8905-22157FB0F077} = {E96E0A24-3073-4E01-9A88-0AA3ED8534D8}
	EndGlobalSection
EndGlobal
